
Microsoft Visual Studio Solution File, Format Version 12.00
# Visual Studio Version 16
VisualStudioVersion = 16.0.31613.86
MinimumVisualStudioVersion = 10.0.40219.1
Project("{FAE04EC0-301F-11D3-BF4B-00C04F79EFBC}") = "AdventOfCode", "AdventOfCode\AdventOfCode.csproj", "{E44E01F8-23F7-4ECF-A944-DC654E8640DC}"
EndProject
Global
	GlobalSection(SolutionConfigurationPlatforms) = preSolution
		Debug|Any CPU = Debug|Any CPU
		Release|Any CPU = Release|Any CPU
	EndGlobalSection
	GlobalSection(ProjectConfigurationPlatforms) = postSolution
		{E44E01F8-23F7-4ECF-A944-DC654E8640DC}.Debug|Any CPU.ActiveCfg = Debug|Any CPU
		{E44E01F8-23F7-4ECF-A944-DC654E8640DC}.Debug|Any CPU.Build.0 = Debug|Any CPU
		{E44E01F8-23F7-4ECF-A944-DC654E8640DC}.Release|Any CPU.ActiveCfg = Release|Any CPU
		{E44E01F8-23F7-4ECF-A944-DC654E8640DC}.Release|Any CPU.Build.0 = Release|Any CPU
	EndGlobalSection
	GlobalSection(SolutionProperties) = preSolution
		HideSolutionNode = FALSE
	EndGlobalSection
	GlobalSection(ExtensibilityGlobals) = postSolution
		SolutionGuid = {C70E3DE4-EAA9-4F3E-9AEE-6C5195A23924}
	EndGlobalSection
EndGlobal
